
Microsoft Visual Studio Solution File, Format Version 10.00
# Visual Studio 2008
Project("{FAE04EC0-301F-11D3-BF4B-00C04F79EFBC}") = "tik4net", "tik4net\tik4net.csproj", "{C4EC2588-1278-4AB7-92A6-F41CC71B88C1}"
EndProject
Project("{FAE04EC0-301F-11D3-BF4B-00C04F79EFBC}") = "tik4net.ApiGenerator", "tik4net.ApiGenerator\tik4net.ApiGenerator.csproj", "{3EECB733-ADD3-496F-87A6-70F4393D0FDD}"
EndProject
Project("{FAE04EC0-301F-11D3-BF4B-00C04F79EFBC}") = "HackDisabler", "examples\HackDisabler\HackDisabler.csproj", "{8214CFB7-02D8-4C03-B954-C8D1B264F92B}"
EndProject
Project("{2150E333-8FDC-42A3-9474-1A3956D46DE8}") = "Examples", "Examples", "{45A1BF83-32EB-4B05-8543-CD2F89064C36}"
EndProject
Project("{FAE04EC0-301F-11D3-BF4B-00C04F79EFBC}") = "LowLevelApiExample", "examples\LowLevelApiExample\LowLevelApiExample.csproj", "{6614221D-60FA-4E6D-A860-6FCC9A2CC36A}"
EndProject
Project("{FAE04EC0-301F-11D3-BF4B-00C04F79EFBC}") = "MergeExample", "MergeExample\MergeExample.csproj", "{DC02E59B-9955-4197-88AF-0A32C5421A2D}"
EndProject
Project("{FAE04EC0-301F-11D3-BF4B-00C04F79EFBC}") = "SimpleDemo", "examples\SimpleDemo\SimpleDemo.csproj", "{F0649CA2-BFB3-414C-9F6E-DA8C570E3DCD}"
EndProject
Project("{FAE04EC0-301F-11D3-BF4B-00C04F79EFBC}") = "SimpleReadOnlyDemo", "SimpleReadOnlyDemo\SimpleReadOnlyDemo.csproj", "{21E43133-DF53-4FDF-81A9-B93BCCF03195}"
EndProject
Global
	GlobalSection(SolutionConfigurationPlatforms) = preSolution
		Code analysis|Any CPU = Code analysis|Any CPU
		Code analysis|Mixed Platforms = Code analysis|Mixed Platforms
		Code analysis|x86 = Code analysis|x86
		Debug|Any CPU = Debug|Any CPU
		Debug|Mixed Platforms = Debug|Mixed Platforms
		Debug|x86 = Debug|x86
		Release|Any CPU = Release|Any CPU
		Release|Mixed Platforms = Release|Mixed Platforms
		Release|x86 = Release|x86
	EndGlobalSection
	GlobalSection(ProjectConfigurationPlatforms) = postSolution
		{C4EC2588-1278-4AB7-92A6-F41CC71B88C1}.Code analysis|Any CPU.ActiveCfg = Code analysis|Any CPU
		{C4EC2588-1278-4AB7-92A6-F41CC71B88C1}.Code analysis|Any CPU.Build.0 = Code analysis|Any CPU
		{C4EC2588-1278-4AB7-92A6-F41CC71B88C1}.Code analysis|Mixed Platforms.ActiveCfg = Code analysis|Any CPU
		{C4EC2588-1278-4AB7-92A6-F41CC71B88C1}.Code analysis|Mixed Platforms.Build.0 = Code analysis|Any CPU
		{C4EC2588-1278-4AB7-92A6-F41CC71B88C1}.Code analysis|x86.ActiveCfg = Code analysis|x86
		{C4EC2588-1278-4AB7-92A6-F41CC71B88C1}.Code analysis|x86.Build.0 = Code analysis|x86
		{C4EC2588-1278-4AB7-92A6-F41CC71B88C1}.Debug|Any CPU.ActiveCfg = Debug|Any CPU
		{C4EC2588-1278-4AB7-92A6-F41CC71B88C1}.Debug|Any CPU.Build.0 = Debug|Any CPU
		{C4EC2588-1278-4AB7-92A6-F41CC71B88C1}.Debug|Mixed Platforms.ActiveCfg = Debug|x86
		{C4EC2588-1278-4AB7-92A6-F41CC71B88C1}.Debug|Mixed Platforms.Build.0 = Debug|x86
		{C4EC2588-1278-4AB7-92A6-F41CC71B88C1}.Debug|x86.ActiveCfg = Debug|x86
		{C4EC2588-1278-4AB7-92A6-F41CC71B88C1}.Debug|x86.Build.0 = Debug|x86
		{C4EC2588-1278-4AB7-92A6-F41CC71B88C1}.Release|Any CPU.ActiveCfg = Release|Any CPU
		{C4EC2588-1278-4AB7-92A6-F41CC71B88C1}.Release|Any CPU.Build.0 = Release|Any CPU
		{C4EC2588-1278-4AB7-92A6-F41CC71B88C1}.Release|Mixed Platforms.ActiveCfg = Release|Any CPU
		{C4EC2588-1278-4AB7-92A6-F41CC71B88C1}.Release|Mixed Platforms.Build.0 = Release|Any CPU
		{C4EC2588-1278-4AB7-92A6-F41CC71B88C1}.Release|x86.ActiveCfg = Release|x86
		{C4EC2588-1278-4AB7-92A6-F41CC71B88C1}.Release|x86.Build.0 = Release|x86
		{3EECB733-ADD3-496F-87A6-70F4393D0FDD}.Code analysis|Any CPU.ActiveCfg = Debug|Any CPU
		{3EECB733-ADD3-496F-87A6-70F4393D0FDD}.Code analysis|Any CPU.Build.0 = Debug|Any CPU
		{3EECB733-ADD3-496F-87A6-70F4393D0FDD}.Code analysis|Mixed Platforms.ActiveCfg = Release|Any CPU
		{3EECB733-ADD3-496F-87A6-70F4393D0FDD}.Code analysis|Mixed Platforms.Build.0 = Release|Any CPU
		{3EECB733-ADD3-496F-87A6-70F4393D0FDD}.Code analysis|x86.ActiveCfg = Release|x86
		{3EECB733-ADD3-496F-87A6-70F4393D0FDD}.Code analysis|x86.Build.0 = Release|x86
		{3EECB733-ADD3-496F-87A6-70F4393D0FDD}.Debug|Any CPU.ActiveCfg = Debug|x86
		{3EECB733-ADD3-496F-87A6-70F4393D0FDD}.Debug|Any CPU.Build.0 = Debug|x86
		{3EECB733-ADD3-496F-87A6-70F4393D0FDD}.Debug|Mixed Platforms.ActiveCfg = Debug|x86
		{3EECB733-ADD3-496F-87A6-70F4393D0FDD}.Debug|Mixed Platforms.Build.0 = Debug|x86
		{3EECB733-ADD3-496F-87A6-70F4393D0FDD}.Debug|x86.ActiveCfg = Debug|x86
		{3EECB733-ADD3-496F-87A6-70F4393D0FDD}.Debug|x86.Build.0 = Debug|x86
		{3EECB733-ADD3-496F-87A6-70F4393D0FDD}.Release|Any CPU.ActiveCfg = Release|Any CPU
		{3EECB733-ADD3-496F-87A6-70F4393D0FDD}.Release|Any CPU.Build.0 = Release|Any CPU
		{3EECB733-ADD3-496F-87A6-70F4393D0FDD}.Release|Mixed Platforms.ActiveCfg = Release|Any CPU
		{3EECB733-ADD3-496F-87A6-70F4393D0FDD}.Release|Mixed Platforms.Build.0 = Release|Any CPU
		{3EECB733-ADD3-496F-87A6-70F4393D0FDD}.Release|x86.ActiveCfg = Release|x86
		{3EECB733-ADD3-496F-87A6-70F4393D0FDD}.Release|x86.Build.0 = Release|x86
		{8214CFB7-02D8-4C03-B954-C8D1B264F92B}.Code analysis|Any CPU.ActiveCfg = Release|Any CPU
		{8214CFB7-02D8-4C03-B954-C8D1B264F92B}.Code analysis|Any CPU.Build.0 = Release|Any CPU
		{8214CFB7-02D8-4C03-B954-C8D1B264F92B}.Code analysis|Mixed Platforms.ActiveCfg = Release|Any CPU
		{8214CFB7-02D8-4C03-B954-C8D1B264F92B}.Code analysis|Mixed Platforms.Build.0 = Release|Any CPU
		{8214CFB7-02D8-4C03-B954-C8D1B264F92B}.Code analysis|x86.ActiveCfg = Release|x86
		{8214CFB7-02D8-4C03-B954-C8D1B264F92B}.Code analysis|x86.Build.0 = Release|x86
		{8214CFB7-02D8-4C03-B954-C8D1B264F92B}.Debug|Any CPU.ActiveCfg = Debug|x86
		{8214CFB7-02D8-4C03-B954-C8D1B264F92B}.Debug|Any CPU.Build.0 = Debug|x86
		{8214CFB7-02D8-4C03-B954-C8D1B264F92B}.Debug|Mixed Platforms.ActiveCfg = Debug|x86
		{8214CFB7-02D8-4C03-B954-C8D1B264F92B}.Debug|Mixed Platforms.Build.0 = Debug|x86
		{8214CFB7-02D8-4C03-B954-C8D1B264F92B}.Debug|x86.ActiveCfg = Debug|x86
		{8214CFB7-02D8-4C03-B954-C8D1B264F92B}.Debug|x86.Build.0 = Debug|x86
		{8214CFB7-02D8-4C03-B954-C8D1B264F92B}.Release|Any CPU.ActiveCfg = Release|Any CPU
		{8214CFB7-02D8-4C03-B954-C8D1B264F92B}.Release|Any CPU.Build.0 = Release|Any CPU
		{8214CFB7-02D8-4C03-B954-C8D1B264F92B}.Release|Mixed Platforms.ActiveCfg = Release|Any CPU
		{8214CFB7-02D8-4C03-B954-C8D1B264F92B}.Release|Mixed Platforms.Build.0 = Release|Any CPU
		{8214CFB7-02D8-4C03-B954-C8D1B264F92B}.Release|x86.ActiveCfg = Release|x86
		{8214CFB7-02D8-4C03-B954-C8D1B264F92B}.Release|x86.Build.0 = Release|x86
		{6614221D-60FA-4E6D-A860-6FCC9A2CC36A}.Code analysis|Any CPU.ActiveCfg = Release|Any CPU
		{6614221D-60FA-4E6D-A860-6FCC9A2CC36A}.Code analysis|Any CPU.Build.0 = Release|Any CPU
		{6614221D-60FA-4E6D-A860-6FCC9A2CC36A}.Code analysis|Mixed Platforms.ActiveCfg = Release|Any CPU
		{6614221D-60FA-4E6D-A860-6FCC9A2CC36A}.Code analysis|Mixed Platforms.Build.0 = Release|Any CPU
		{6614221D-60FA-4E6D-A860-6FCC9A2CC36A}.Code analysis|x86.ActiveCfg = Release|x86
		{6614221D-60FA-4E6D-A860-6FCC9A2CC36A}.Code analysis|x86.Build.0 = Release|x86
		{6614221D-60FA-4E6D-A860-6FCC9A2CC36A}.Debug|Any CPU.ActiveCfg = Debug|x86
		{6614221D-60FA-4E6D-A860-6FCC9A2CC36A}.Debug|Any CPU.Build.0 = Debug|x86
		{6614221D-60FA-4E6D-A860-6FCC9A2CC36A}.Debug|Mixed Platforms.ActiveCfg = Debug|x86
		{6614221D-60FA-4E6D-A860-6FCC9A2CC36A}.Debug|Mixed Platforms.Build.0 = Debug|x86
		{6614221D-60FA-4E6D-A860-6FCC9A2CC36A}.Debug|x86.ActiveCfg = Debug|x86
		{6614221D-60FA-4E6D-A860-6FCC9A2CC36A}.Debug|x86.Build.0 = Debug|x86
		{6614221D-60FA-4E6D-A860-6FCC9A2CC36A}.Release|Any CPU.ActiveCfg = Release|Any CPU
		{6614221D-60FA-4E6D-A860-6FCC9A2CC36A}.Release|Any CPU.Build.0 = Release|Any CPU
		{6614221D-60FA-4E6D-A860-6FCC9A2CC36A}.Release|Mixed Platforms.ActiveCfg = Release|Any CPU
		{6614221D-60FA-4E6D-A860-6FCC9A2CC36A}.Release|Mixed Platforms.Build.0 = Release|Any CPU
		{6614221D-60FA-4E6D-A860-6FCC9A2CC36A}.Release|x86.ActiveCfg = Release|x86
		{6614221D-60FA-4E6D-A860-6FCC9A2CC36A}.Release|x86.Build.0 = Release|x86
		{DC02E59B-9955-4197-88AF-0A32C5421A2D}.Code analysis|Any CPU.ActiveCfg = Release|Any CPU
		{DC02E59B-9955-4197-88AF-0A32C5421A2D}.Code analysis|Any CPU.Build.0 = Release|Any CPU
		{DC02E59B-9955-4197-88AF-0A32C5421A2D}.Code analysis|Mixed Platforms.ActiveCfg = Release|Any CPU
		{DC02E59B-9955-4197-88AF-0A32C5421A2D}.Code analysis|Mixed Platforms.Build.0 = Release|Any CPU
		{DC02E59B-9955-4197-88AF-0A32C5421A2D}.Code analysis|x86.ActiveCfg = Release|Any CPU
		{DC02E59B-9955-4197-88AF-0A32C5421A2D}.Debug|Any CPU.ActiveCfg = Debug|Any CPU
		{DC02E59B-9955-4197-88AF-0A32C5421A2D}.Debug|Any CPU.Build.0 = Debug|Any CPU
		{DC02E59B-9955-4197-88AF-0A32C5421A2D}.Debug|Mixed Platforms.ActiveCfg = Debug|x86
		{DC02E59B-9955-4197-88AF-0A32C5421A2D}.Debug|Mixed Platforms.Build.0 = Debug|x86
		{DC02E59B-9955-4197-88AF-0A32C5421A2D}.Debug|x86.ActiveCfg = Debug|Any CPU
		{DC02E59B-9955-4197-88AF-0A32C5421A2D}.Release|Any CPU.ActiveCfg = Release|Any CPU
		{DC02E59B-9955-4197-88AF-0A32C5421A2D}.Release|Any CPU.Build.0 = Release|Any CPU
		{DC02E59B-9955-4197-88AF-0A32C5421A2D}.Release|Mixed Platforms.ActiveCfg = Release|Any CPU
		{DC02E59B-9955-4197-88AF-0A32C5421A2D}.Release|Mixed Platforms.Build.0 = Release|Any CPU
		{DC02E59B-9955-4197-88AF-0A32C5421A2D}.Release|x86.ActiveCfg = Release|Any CPU
		{F0649CA2-BFB3-414C-9F6E-DA8C570E3DCD}.Code analysis|Any CPU.ActiveCfg = Release|x86
		{F0649CA2-BFB3-414C-9F6E-DA8C570E3DCD}.Code analysis|Mixed Platforms.ActiveCfg = Release|Any CPU
		{F0649CA2-BFB3-414C-9F6E-DA8C570E3DCD}.Code analysis|Mixed Platforms.Build.0 = Release|Any CPU
		{F0649CA2-BFB3-414C-9F6E-DA8C570E3DCD}.Code analysis|x86.ActiveCfg = Release|x86
		{F0649CA2-BFB3-414C-9F6E-DA8C570E3DCD}.Code analysis|x86.Build.0 = Release|x86
		{F0649CA2-BFB3-414C-9F6E-DA8C570E3DCD}.Debug|Any CPU.ActiveCfg = Debug|x86
		{F0649CA2-BFB3-414C-9F6E-DA8C570E3DCD}.Debug|Mixed Platforms.ActiveCfg = Debug|x86
		{F0649CA2-BFB3-414C-9F6E-DA8C570E3DCD}.Debug|Mixed Platforms.Build.0 = Debug|x86
		{F0649CA2-BFB3-414C-9F6E-DA8C570E3DCD}.Debug|x86.ActiveCfg = Debug|x86
		{F0649CA2-BFB3-414C-9F6E-DA8C570E3DCD}.Debug|x86.Build.0 = Debug|x86
		{F0649CA2-BFB3-414C-9F6E-DA8C570E3DCD}.Release|Any CPU.ActiveCfg = Release|x86
		{F0649CA2-BFB3-414C-9F6E-DA8C570E3DCD}.Release|Mixed Platforms.ActiveCfg = Release|Any CPU
		{F0649CA2-BFB3-414C-9F6E-DA8C570E3DCD}.Release|Mixed Platforms.Build.0 = Release|Any CPU
		{F0649CA2-BFB3-414C-9F6E-DA8C570E3DCD}.Release|x86.ActiveCfg = Release|x86
		{F0649CA2-BFB3-414C-9F6E-DA8C570E3DCD}.Release|x86.Build.0 = Release|x86
		{21E43133-DF53-4FDF-81A9-B93BCCF03195}.Code analysis|Any CPU.ActiveCfg = Release|Any CPU
		{21E43133-DF53-4FDF-81A9-B93BCCF03195}.Code analysis|Any CPU.Build.0 = Release|Any CPU
		{21E43133-DF53-4FDF-81A9-B93BCCF03195}.Code analysis|Mixed Platforms.ActiveCfg = Release|Any CPU
		{21E43133-DF53-4FDF-81A9-B93BCCF03195}.Code analysis|Mixed Platforms.Build.0 = Release|Any CPU
		{21E43133-DF53-4FDF-81A9-B93BCCF03195}.Code analysis|x86.ActiveCfg = Release|Any CPU
		{21E43133-DF53-4FDF-81A9-B93BCCF03195}.Debug|Any CPU.ActiveCfg = Debug|Any CPU
		{21E43133-DF53-4FDF-81A9-B93BCCF03195}.Debug|Any CPU.Build.0 = Debug|Any CPU
		{21E43133-DF53-4FDF-81A9-B93BCCF03195}.Debug|Mixed Platforms.ActiveCfg = Debug|x86
		{21E43133-DF53-4FDF-81A9-B93BCCF03195}.Debug|Mixed Platforms.Build.0 = Debug|x86
		{21E43133-DF53-4FDF-81A9-B93BCCF03195}.Debug|x86.ActiveCfg = Debug|Any CPU
		{21E43133-DF53-4FDF-81A9-B93BCCF03195}.Release|Any CPU.ActiveCfg = Release|Any CPU
		{21E43133-DF53-4FDF-81A9-B93BCCF03195}.Release|Any CPU.Build.0 = Release|Any CPU
		{21E43133-DF53-4FDF-81A9-B93BCCF03195}.Release|Mixed Platforms.ActiveCfg = Release|Any CPU
		{21E43133-DF53-4FDF-81A9-B93BCCF03195}.Release|Mixed Platforms.Build.0 = Release|Any CPU
		{21E43133-DF53-4FDF-81A9-B93BCCF03195}.Release|x86.ActiveCfg = Release|Any CPU
	EndGlobalSection
	GlobalSection(SolutionProperties) = preSolution
		HideSolutionNode = FALSE
	EndGlobalSection
	GlobalSection(NestedProjects) = preSolution
		{8214CFB7-02D8-4C03-B954-C8D1B264F92B} = {45A1BF83-32EB-4B05-8543-CD2F89064C36}
		{6614221D-60FA-4E6D-A860-6FCC9A2CC36A} = {45A1BF83-32EB-4B05-8543-CD2F89064C36}
		{DC02E59B-9955-4197-88AF-0A32C5421A2D} = {45A1BF83-32EB-4B05-8543-CD2F89064C36}
		{F0649CA2-BFB3-414C-9F6E-DA8C570E3DCD} = {45A1BF83-32EB-4B05-8543-CD2F89064C36}
		{21E43133-DF53-4FDF-81A9-B93BCCF03195} = {45A1BF83-32EB-4B05-8543-CD2F89064C36}
	EndGlobalSection
EndGlobal
